
Microsoft Visual Studio Solution File, Format Version 12.00
# Visual Studio Version 17
VisualStudioVersion = 17.4.32804.182
MinimumVisualStudioVersion = 10.0.40219.1
Project("{888888A0-9F3D-457C-B088-3A5042F75D52}") = "catch-redirections", "catch-redirections\catch-redirections.pyproj", "{53EF2CFF-2718-476A-BA99-3019A743095D}"
EndProject
Global
	GlobalSection(SolutionConfigurationPlatforms) = preSolution
		Debug|Any CPU = Debug|Any CPU
		Release|Any CPU = Release|Any CPU
	EndGlobalSection
	GlobalSection(ProjectConfigurationPlatforms) = postSolution
		{53EF2CFF-2718-476A-BA99-3019A743095D}.Debug|Any CPU.ActiveCfg = Debug|Any CPU
		{53EF2CFF-2718-476A-BA99-3019A743095D}.Release|Any CPU.ActiveCfg = Release|Any CPU
	EndGlobalSection
	GlobalSection(SolutionProperties) = preSolution
		HideSolutionNode = FALSE
	EndGlobalSection
	GlobalSection(ExtensibilityGlobals) = postSolution
		SolutionGuid = {7A5C1307-6CF9-43A2-9EDB-EC136C05239E}
	EndGlobalSection
EndGlobal
